// !$*UTF8*$!
{
	archiveVersion = 1;
	classes = {
	};
	objectVersion = 46;
	objects = {

/* Begin PBXBuildFile section */
		990DA2B11DEC67F600936449 /* AppDelegate.swift in Sources */ = {isa = PBXBuildFile; fileRef = 990DA2B01DEC67F600936449 /* AppDelegate.swift */; };
		990DA2B31DEC67F600936449 /* ViewController.swift in Sources */ = {isa = PBXBuildFile; fileRef = 990DA2B21DEC67F600936449 /* ViewController.swift */; };
		990DA2B61DEC67F600936449 /* Main.storyboard in Resources */ = {isa = PBXBuildFile; fileRef = 990DA2B41DEC67F600936449 /* Main.storyboard */; };
		990DA2B81DEC67F600936449 /* Assets.xcassets in Resources */ = {isa = PBXBuildFile; fileRef = 990DA2B71DEC67F600936449 /* Assets.xcassets */; };
		990DA2BB1DEC67F600936449 /* LaunchScreen.storyboard in Resources */ = {isa = PBXBuildFile; fileRef = 990DA2B91DEC67F600936449 /* LaunchScreen.storyboard */; };
		990DA2C61DEC67F600936449 /* DatingTests.swift in Sources */ = {isa = PBXBuildFile; fileRef = 990DA2C51DEC67F600936449 /* DatingTests.swift */; };
		990DA2D11DEC67F600936449 /* DatingUITests.swift in Sources */ = {isa = PBXBuildFile; fileRef = 990DA2D01DEC67F600936449 /* DatingUITests.swift */; };
		994570D41DFB9C2F003A37A6 /* MapKit.framework in Frameworks */ = {isa = PBXBuildFile; fileRef = 994570D31DFB9C2F003A37A6 /* MapKit.framework */; };
		996C85311DF9AED200370DAE /* CoupleChoosePhotoViewController.swift in Sources */ = {isa = PBXBuildFile; fileRef = 996C85301DF9AED200370DAE /* CoupleChoosePhotoViewController.swift */; };
/* End PBXBuildFile section */

/* Begin PBXContainerItemProxy section */
		990DA2C21DEC67F600936449 /* PBXContainerItemProxy */ = {
			isa = PBXContainerItemProxy;
			containerPortal = 990DA2A51DEC67F500936449 /* Project object */;
			proxyType = 1;
			remoteGlobalIDString = 990DA2AC1DEC67F500936449;
			remoteInfo = Dating;
		};
		990DA2CD1DEC67F600936449 /* PBXContainerItemProxy */ = {
			isa = PBXContainerItemProxy;
			containerPortal = 990DA2A51DEC67F500936449 /* Project object */;
			proxyType = 1;
			remoteGlobalIDString = 990DA2AC1DEC67F500936449;
			remoteInfo = Dating;
		};
/* End PBXContainerItemProxy section */

/* Begin PBXFileReference section */
		990DA2AD1DEC67F600936449 /* Dating.app */ = {isa = PBXFileReference; explicitFileType = wrapper.application; includeInIndex = 0; path = Dating.app; sourceTree = BUILT_PRODUCTS_DIR; };
		990DA2B01DEC67F600936449 /* AppDelegate.swift */ = {isa = PBXFileReference; lastKnownFileType = sourcecode.swift; path = AppDelegate.swift; sourceTree = "<group>"; };
		990DA2B21DEC67F600936449 /* ViewController.swift */ = {isa = PBXFileReference; lastKnownFileType = sourcecode.swift; path = ViewController.swift; sourceTree = "<group>"; };
		990DA2B51DEC67F600936449 /* Base */ = {isa = PBXFileReference; lastKnownFileType = file.storyboard; name = Base; path = Base.lproj/Main.storyboard; sourceTree = "<group>"; };
		990DA2B71DEC67F600936449 /* Assets.xcassets */ = {isa = PBXFileReference; lastKnownFileType = folder.assetcatalog; path = Assets.xcassets; sourceTree = "<group>"; };
		990DA2BA1DEC67F600936449 /* Base */ = {isa = PBXFileReference; lastKnownFileType = file.storyboard; name = Base; path = Base.lproj/LaunchScreen.storyboard; sourceTree = "<group>"; };
		990DA2BC1DEC67F600936449 /* Info.plist */ = {isa = PBXFileReference; lastKnownFileType = text.plist.xml; path = Info.plist; sourceTree = "<group>"; };
		990DA2C11DEC67F600936449 /* DatingTests.xctest */ = {isa = PBXFileReference; explicitFileType = wrapper.cfbundle; includeInIndex = 0; path = DatingTests.xctest; sourceTree = BUILT_PRODUCTS_DIR; };
		990DA2C51DEC67F600936449 /* DatingTests.swift */ = {isa = PBXFileReference; lastKnownFileType = sourcecode.swift; path = DatingTests.swift; sourceTree = "<group>"; };
		990DA2C71DEC67F600936449 /* Info.plist */ = {isa = PBXFileReference; lastKnownFileType = text.plist.xml; path = Info.plist; sourceTree = "<group>"; };
		990DA2CC1DEC67F600936449 /* DatingUITests.xctest */ = {isa = PBXFileReference; explicitFileType = wrapper.cfbundle; includeInIndex = 0; path = DatingUITests.xctest; sourceTree = BUILT_PRODUCTS_DIR; };
		990DA2D01DEC67F600936449 /* DatingUITests.swift */ = {isa = PBXFileReference; lastKnownFileType = sourcecode.swift; path = DatingUITests.swift; sourceTree = "<group>"; };
		990DA2D21DEC67F600936449 /* Info.plist */ = {isa = PBXFileReference; lastKnownFileType = text.plist.xml; path = Info.plist; sourceTree = "<group>"; };
		994570D31DFB9C2F003A37A6 /* MapKit.framework */ = {isa = PBXFileReference; lastKnownFileType = wrapper.framework; name = MapKit.framework; path = System/Library/Frameworks/MapKit.framework; sourceTree = SDKROOT; };
		996C85301DF9AED200370DAE /* CoupleChoosePhotoViewController.swift */ = {isa = PBXFileReference; fileEncoding = 4; lastKnownFileType = sourcecode.swift; path = CoupleChoosePhotoViewController.swift; sourceTree = "<group>"; };
/* End PBXFileReference section */

/* Begin PBXFrameworksBuildPhase section */
		990DA2AA1DEC67F500936449 /* Frameworks */ = {
			isa = PBXFrameworksBuildPhase;
			buildActionMask = 2147483647;
			files = (
				994570D41DFB9C2F003A37A6 /* MapKit.framework in Frameworks */,
			);
			runOnlyForDeploymentPostprocessing = 0;
		};
		990DA2BE1DEC67F600936449 /* Frameworks */ = {
			isa = PBXFrameworksBuildPhase;
			buildActionMask = 2147483647;
			files = (
			);
			runOnlyForDeploymentPostprocessing = 0;
		};
		990DA2C91DEC67F600936449 /* Frameworks */ = {
			isa = PBXFrameworksBuildPhase;
			buildActionMask = 2147483647;
			files = (
			);
			runOnlyForDeploymentPostprocessing = 0;
		};
/* End PBXFrameworksBuildPhase section */

/* Begin PBXGroup section */
		990DA2A41DEC67F500936449 = {
			isa = PBXGroup;
			children = (
				990DA2AF1DEC67F600936449 /* Dating */,
				990DA2C41DEC67F600936449 /* DatingTests */,
				990DA2CF1DEC67F600936449 /* DatingUITests */,
				990DA2AE1DEC67F600936449 /* Products */,
				994570D21DFB9C2F003A37A6 /* Frameworks */,
			);
			sourceTree = "<group>";
		};
		990DA2AE1DEC67F600936449 /* Products */ = {
			isa = PBXGroup;
			children = (
				990DA2AD1DEC67F600936449 /* Dating.app */,
				990DA2C11DEC67F600936449 /* DatingTests.xctest */,
				990DA2CC1DEC67F600936449 /* DatingUITests.xctest */,
			);
			name = Products;
			sourceTree = "<group>";
		};
		990DA2AF1DEC67F600936449 /* Dating */ = {
			isa = PBXGroup;
			children = (
				990DA2B01DEC67F600936449 /* AppDelegate.swift */,
				990DA2B21DEC67F600936449 /* ViewController.swift */,
				990DA2B41DEC67F600936449 /* Main.storyboard */,
				996C85301DF9AED200370DAE /* CoupleChoosePhotoViewController.swift */,
				990DA2B71DEC67F600936449 /* Assets.xcassets */,
				990DA2B91DEC67F600936449 /* LaunchScreen.storyboard */,
				990DA2BC1DEC67F600936449 /* Info.plist */,
			);
			path = Dating;
			sourceTree = "<group>";
		};
		990DA2C41DEC67F600936449 /* DatingTests */ = {
			isa = PBXGroup;
			children = (
				990DA2C51DEC67F600936449 /* DatingTests.swift */,
				990DA2C71DEC67F600936449 /* Info.plist */,
			);
			path = DatingTests;
			sourceTree = "<group>";
		};
		990DA2CF1DEC67F600936449 /* DatingUITests */ = {
			isa = PBXGroup;
			children = (
				990DA2D01DEC67F600936449 /* DatingUITests.swift */,
				990DA2D21DEC67F600936449 /* Info.plist */,
			);
			path = DatingUITests;
			sourceTree = "<group>";
		};
		994570D21DFB9C2F003A37A6 /* Frameworks */ = {
			isa = PBXGroup;
			children = (
				994570D31DFB9C2F003A37A6 /* MapKit.framework */,
			);
			name = Frameworks;
			sourceTree = "<group>";
		};
/* End PBXGroup section */

/* Begin PBXNativeTarget section */
		990DA2AC1DEC67F500936449 /* Dating */ = {
			isa = PBXNativeTarget;
			buildConfigurationList = 990DA2D51DEC67F600936449 /* Build configuration list for PBXNativeTarget "Dating" */;
			buildPhases = (
				990DA2A91DEC67F500936449 /* Sources */,
				990DA2AA1DEC67F500936449 /* Frameworks */,
				990DA2AB1DEC67F500936449 /* Resources */,
			);
			buildRules = (
			);
			dependencies = (
			);
			name = Dating;
			productName = Dating;
			productReference = 990DA2AD1DEC67F600936449 /* Dating.app */;
			productType = "com.apple.product-type.application";
		};
		990DA2C01DEC67F600936449 /* DatingTests */ = {
			isa = PBXNativeTarget;
			buildConfigurationList = 990DA2D81DEC67F600936449 /* Build configuration list for PBXNativeTarget "DatingTests" */;
			buildPhases = (
				990DA2BD1DEC67F600936449 /* Sources */,
				990DA2BE1DEC67F600936449 /* Frameworks */,
				990DA2BF1DEC67F600936449 /* Resources */,
			);
			buildRules = (
			);
			dependencies = (
				990DA2C31DEC67F600936449 /* PBXTargetDependency */,
			);
			name = DatingTests;
			productName = DatingTests;
			productReference = 990DA2C11DEC67F600936449 /* DatingTests.xctest */;
			productType = "com.apple.product-type.bundle.unit-test";
		};
		990DA2CB1DEC67F600936449 /* DatingUITests */ = {
			isa = PBXNativeTarget;
			buildConfigurationList = 990DA2DB1DEC67F600936449 /* Build configuration list for PBXNativeTarget "DatingUITests" */;
			buildPhases = (
				990DA2C81DEC67F600936449 /* Sources */,
				990DA2C91DEC67F600936449 /* Frameworks */,
				990DA2CA1DEC67F600936449 /* Resources */,
			);
			buildRules = (
			);
			dependencies = (
				990DA2CE1DEC67F600936449 /* PBXTargetDependency */,
			);
			name = DatingUITests;
			productName = DatingUITests;
			productReference = 990DA2CC1DEC67F600936449 /* DatingUITests.xctest */;
			productType = "com.apple.product-type.bundle.ui-testing";
		};
/* End PBXNativeTarget section */

/* Begin PBXProject section */
		990DA2A51DEC67F500936449 /* Project object */ = {
			isa = PBXProject;
			attributes = {
				LastSwiftUpdateCheck = 0810;
				LastUpgradeCheck = 0810;
				ORGANIZATIONNAME = "THANH LEVAN";
				TargetAttributes = {
					990DA2AC1DEC67F500936449 = {
						CreatedOnToolsVersion = 8.1;
						DevelopmentTeam = RGHN9JB5CQ;
						ProvisioningStyle = Automatic;
					};
					990DA2C01DEC67F600936449 = {
						CreatedOnToolsVersion = 8.1;
						DevelopmentTeam = RGHN9JB5CQ;
						ProvisioningStyle = Automatic;
						TestTargetID = 990DA2AC1DEC67F500936449;
					};
					990DA2CB1DEC67F600936449 = {
						CreatedOnToolsVersion = 8.1;
						DevelopmentTeam = RGHN9JB5CQ;
						ProvisioningStyle = Automatic;
						TestTargetID = 990DA2AC1DEC67F500936449;
					};
				};
			};
			buildConfigurationList = 990DA2A81DEC67F500936449 /* Build configuration list for PBXProject "Dating" */;
			compatibilityVersion = "Xcode 3.2";
			developmentRegion = English;
			hasScannedForEncodings = 0;
			knownRegions = (
				en,
				Base,
			);
			mainGroup = 990DA2A41DEC67F500936449;
			productRefGroup = 990DA2AE1DEC67F600936449 /* Products */;
			projectDirPath = "";
			projectRoot = "";
			targets = (
				990DA2AC1DEC67F500936449 /* Dating */,
				990DA2C01DEC67F600936449 /* DatingTests */,
				990DA2CB1DEC67F600936449 /* DatingUITests */,
			);
		};
/* End PBXProject section */

/* Begin PBXResourcesBuildPhase section */
		990DA2AB1DEC67F500936449 /* Resources */ = {
			isa = PBXResourcesBuildPhase;
			buildActionMask = 2147483647;
			files = (
				990DA2BB1DEC67F600936449 /* LaunchScreen.storyboard in Resources */,
				990DA2B81DEC67F600936449 /* Assets.xcassets in Resources */,
				990DA2B61DEC67F600936449 /* Main.storyboard in Resources */,
			);
			runOnlyForDeploymentPostprocessing = 0;
		};
		990DA2BF1DEC67F600936449 /* Resources */ = {
			isa = PBXResourcesBuildPhase;
			buildActionMask = 2147483647;
			files = (
			);
			runOnlyForDeploymentPostprocessing = 0;
		};
		990DA2CA1DEC67F600936449 /* Resources */ = {
			isa = PBXResourcesBuildPhase;
			buildActionMask = 2147483647;
			files = (
			);
			runOnlyForDeploymentPostprocessing = 0;
		};
/* End PBXResourcesBuildPhase section */

/* Begin PBXSourcesBuildPhase section */
		990DA2A91DEC67F500936449 /* Sources */ = {
			isa = PBXSourcesBuildPhase;
			buildActionMask = 2147483647;
			files = (
				990DA2B31DEC67F600936449 /* ViewController.swift in Sources */,
				990DA2B11DEC67F600936449 /* AppDelegate.swift in Sources */,
				996C85311DF9AED200370DAE /* CoupleChoosePhotoViewController.swift in Sources */,
			);
			runOnlyForDeploymentPostprocessing = 0;
		};
		990DA2BD1DEC67F600936449 /* Sources */ = {
			isa = PBXSourcesBuildPhase;
			buildActionMask = 2147483647;
			files = (
				990DA2C61DEC67F600936449 /* DatingTests.swift in Sources */,
			);
			runOnlyForDeploymentPostprocessing = 0;
		};
		990DA2C81DEC67F600936449 /* Sources */ = {
			isa = PBXSourcesBuildPhase;
			buildActionMask = 2147483647;
			files = (
				990DA2D11DEC67F600936449 /* DatingUITests.swift in Sources */,
			);
			runOnlyForDeploymentPostprocessing = 0;
		};
/* End PBXSourcesBuildPhase section */

/* Begin PBXTargetDependency section */
		990DA2C31DEC67F600936449 /* PBXTargetDependency */ = {
			isa = PBXTargetDependency;
			target = 990DA2AC1DEC67F500936449 /* Dating */;
			targetProxy = 990DA2C21DEC67F600936449 /* PBXContainerItemProxy */;
		};
		990DA2CE1DEC67F600936449 /* PBXTargetDependency */ = {
			isa = PBXTargetDependency;
			target = 990DA2AC1DEC67F500936449 /* Dating */;
			targetProxy = 990DA2CD1DEC67F600936449 /* PBXContainerItemProxy */;
		};
/* End PBXTargetDependency section */

/* Begin PBXVariantGroup section */
		990DA2B41DEC67F600936449 /* Main.storyboard */ = {
			isa = PBXVariantGroup;
			children = (
				990DA2B51DEC67F600936449 /* Base */,
			);
			name = Main.storyboard;
			sourceTree = "<group>";
		};
		990DA2B91DEC67F600936449 /* LaunchScreen.storyboard */ = {
			isa = PBXVariantGroup;
			children = (
				990DA2BA1DEC67F600936449 /* Base */,
			);
			name = LaunchScreen.storyboard;
			sourceTree = "<group>";
		};
/* End PBXVariantGroup section */

/* Begin XCBuildConfiguration section */
		990DA2D31DEC67F600936449 /* Debug */ = {
			isa = XCBuildConfiguration;
			buildSettings = {
				ALWAYS_SEARCH_USER_PATHS = NO;
				CLANG_ANALYZER_NONNULL = YES;
				CLANG_CXX_LANGUAGE_STANDARD = "gnu++0x";
				CLANG_CXX_LIBRARY = "libc++";
				CLANG_ENABLE_MODULES = YES;
				CLANG_ENABLE_OBJC_ARC = YES;
				CLANG_WARN_BOOL_CONVERSION = YES;
				CLANG_WARN_CONSTANT_CONVERSION = YES;
				CLANG_WARN_DIRECT_OBJC_ISA_USAGE = YES_ERROR;
				CLANG_WARN_DOCUMENTATION_COMMENTS = YES;
				CLANG_WARN_EMPTY_BODY = YES;
				CLANG_WARN_ENUM_CONVERSION = YES;
				CLANG_WARN_INFINITE_RECURSION = YES;
				CLANG_WARN_INT_CONVERSION = YES;
				CLANG_WARN_OBJC_ROOT_CLASS = YES_ERROR;
				CLANG_WARN_SUSPICIOUS_MOVES = YES;
				CLANG_WARN_UNREACHABLE_CODE = YES;
				CLANG_WARN__DUPLICATE_METHOD_MATCH = YES;
				"CODE_SIGN_IDENTITY[sdk=iphoneos*]" = "iPhone Developer";
				COPY_PHASE_STRIP = NO;
				DEBUG_INFORMATION_FORMAT = dwarf;
				ENABLE_STRICT_OBJC_MSGSEND = YES;
				ENABLE_TESTABILITY = YES;
				GCC_C_LANGUAGE_STANDARD = gnu99;
				GCC_DYNAMIC_NO_PIC = NO;
				GCC_NO_COMMON_BLOCKS = YES;
				GCC_OPTIMIZATION_LEVEL = 0;
				GCC_PREPROCESSOR_DEFINITIONS = (
					"DEBUG=1",
					"$(inherited)",
				);
				GCC_WARN_64_TO_32_BIT_CONVERSION = YES;
				GCC_WARN_ABOUT_RETURN_TYPE = YES_ERROR;
				GCC_WARN_UNDECLARED_SELECTOR = YES;
				GCC_WARN_UNINITIALIZED_AUTOS = YES_AGGRESSIVE;
				GCC_WARN_UNUSED_FUNCTION = YES;
				GCC_WARN_UNUSED_VARIABLE = YES;
				IPHONEOS_DEPLOYMENT_TARGET = 10.1;
				MTL_ENABLE_DEBUG_INFO = YES;
				ONLY_ACTIVE_ARCH = YES;
				SDKROOT = iphoneos;
				SWIFT_ACTIVE_COMPILATION_CONDITIONS = DEBUG;
				SWIFT_OPTIMIZATION_LEVEL = "-Onone";
				TARGETED_DEVICE_FAMILY = "1,2";
			};
			name = Debug;
		};
		990DA2D41DEC67F600936449 /* Release */ = {
			isa = XCBuildConfiguration;
			buildSettings = {
				ALWAYS_SEARCH_USER_PATHS = NO;
				CLANG_ANALYZER_NONNULL = YES;
				CLANG_CXX_LANGUAGE_STANDARD = "gnu++0x";
				CLANG_CXX_LIBRARY = "libc++";
				CLANG_ENABLE_MODULES = YES;
				CLANG_ENABLE_OBJC_ARC = YES;
				CLANG_WARN_BOOL_CONVERSION = YES;
				CLANG_WARN_CONSTANT_CONVERSION = YES;
				CLANG_WARN_DIRECT_OBJC_ISA_USAGE = YES_ERROR;
				CLANG_WARN_DOCUMENTATION_COMMENTS = YES;
				CLANG_WARN_EMPTY_BODY = YES;
				CLANG_WARN_ENUM_CONVERSION = YES;
				CLANG_WARN_INFINITE_RECURSION = YES;
				CLANG_WARN_INT_CONVERSION = YES;
				CLANG_WARN_OBJC_ROOT_CLASS = YES_ERROR;
				CLANG_WARN_SUSPICIOUS_MOVES = YES;
				CLANG_WARN_UNREACHABLE_CODE = YES;
				CLANG_WARN__DUPLICATE_METHOD_MATCH = YES;
				"CODE_SIGN_IDENTITY[sdk=iphoneos*]" = "iPhone Developer";
				COPY_PHASE_STRIP = NO;
				DEBUG_INFORMATION_FORMAT = "dwarf-with-dsym";
				ENABLE_NS_ASSERTIONS = NO;
				ENABLE_STRICT_OBJC_MSGSEND = YES;
				GCC_C_LANGUAGE_STANDARD = gnu99;
				GCC_NO_COMMON_BLOCKS = YES;
				GCC_WARN_64_TO_32_BIT_CONVERSION = YES;
				GCC_WARN_ABOUT_RETURN_TYPE = YES_ERROR;
				GCC_WARN_UNDECLARED_SELECTOR = YES;
				GCC_WARN_UNINITIALIZED_AUTOS = YES_AGGRESSIVE;
				GCC_WARN_UNUSED_FUNCTION = YES;
				GCC_WARN_UNUSED_VARIABLE = YES;
				IPHONEOS_DEPLOYMENT_TARGET = 10.1;
				MTL_ENABLE_DEBUG_INFO = NO;
				SDKROOT = iphoneos;
				SWIFT_OPTIMIZATION_LEVEL = "-Owholemodule";
				TARGETED_DEVICE_FAMILY = "1,2";
				VALIDATE_PRODUCT = YES;
			};
			name = Release;
		};
		990DA2D61DEC67F600936449 /* Debug */ = {
			isa = XCBuildConfiguration;
			buildSettings = {
				ASSETCATALOG_COMPILER_APPICON_NAME = AppIcon;
				DEVELOPMENT_TEAM = RGHN9JB5CQ;
				INFOPLIST_FILE = Dating/Info.plist;
				LD_RUNPATH_SEARCH_PATHS = "$(inherited) @executable_path/Frameworks";
				PRODUCT_BUNDLE_IDENTIFIER = LVT.Dating;
				PRODUCT_NAME = "$(TARGET_NAME)";
				SWIFT_VERSION = 3.0;
			};
			name = Debug;
		};
		990DA2D71DEC67F600936449 /* Release */ = {
			isa = XCBuildConfiguration;
			buildSettings = {
				ASSETCATALOG_COMPILER_APPICON_NAME = AppIcon;
				DEVELOPMENT_TEAM = RGHN9JB5CQ;
				INFOPLIST_FILE = Dating/Info.plist;
				LD_RUNPATH_SEARCH_PATHS = "$(inherited) @executable_path/Frameworks";
				PRODUCT_BUNDLE_IDENTIFIER = LVT.Dating;
				PRODUCT_NAME = "$(TARGET_NAME)";
				SWIFT_VERSION = 3.0;
			};
			name = Release;
		};
		990DA2D91DEC67F600936449 /* Debug */ = {
			isa = XCBuildConfiguration;
			buildSettings = {
				ALWAYS_EMBED_SWIFT_STANDARD_LIBRARIES = YES;
				BUNDLE_LOADER = "$(TEST_HOST)";
				DEVELOPMENT_TEAM = RGHN9JB5CQ;
				INFOPLIST_FILE = DatingTests/Info.plist;
				LD_RUNPATH_SEARCH_PATHS = "$(inherited) @executable_path/Frameworks @loader_path/Frameworks";
				PRODUCT_BUNDLE_IDENTIFIER = LVT.DatingTests;
				PRODUCT_NAME = "$(TARGET_NAME)";
				SWIFT_VERSION = 3.0;
				TEST_HOST = "$(BUILT_PRODUCTS_DIR)/Dating.app/Dating";
			};
			name = Debug;
		};
		990DA2DA1DEC67F600936449 /* Release */ = {
			isa = XCBuildConfiguration;
			buildSettings = {
				ALWAYS_EMBED_SWIFT_STANDARD_LIBRARIES = YES;
				BUNDLE_LOADER = "$(TEST_HOST)";
				DEVELOPMENT_TEAM = RGHN9JB5CQ;
				INFOPLIST_FILE = DatingTests/Info.plist;
				LD_RUNPATH_SEARCH_PATHS = "$(inherited) @executable_path/Frameworks @loader_path/Frameworks";
				PRODUCT_BUNDLE_IDENTIFIER = LVT.DatingTests;
				PRODUCT_NAME = "$(TARGET_NAME)";
				SWIFT_VERSION = 3.0;
				TEST_HOST = "$(BUILT_PRODUCTS_DIR)/Dating.app/Dating";
			};
			name = Release;
		};
		990DA2DC1DEC67F600936449 /* Debug */ = {
			isa = XCBuildConfiguration;
			buildSettings = {
				ALWAYS_EMBED_SWIFT_STANDARD_LIBRARIES = YES;
				DEVELOPMENT_TEAM = RGHN9JB5CQ;
				INFOPLIST_FILE = DatingUITests/Info.plist;
				LD_RUNPATH_SEARCH_PATHS = "$(inherited) @executable_path/Frameworks @loader_path/Frameworks";
				PRODUCT_BUNDLE_IDENTIFIER = LVT.DatingUITests;
				PRODUCT_NAME = "$(TARGET_NAME)";
				SWIFT_VERSION = 3.0;
				TEST_TARGET_NAME = Dating;
			};
			name = Debug;
		};
		990DA2DD1DEC67F600936449 /* Release */ = {
			isa = XCBuildConfiguration;
			buildSettings = {
				ALWAYS_EMBED_SWIFT_STANDARD_LIBRARIES = YES;
				DEVELOPMENT_TEAM = RGHN9JB5CQ;
				INFOPLIST_FILE = DatingUITests/Info.plist;
				LD_RUNPATH_SEARCH_PATHS = "$(inherited) @executable_path/Frameworks @loader_path/Frameworks";
				PRODUCT_BUNDLE_IDENTIFIER = LVT.DatingUITests;
				PRODUCT_NAME = "$(TARGET_NAME)";
				SWIFT_VERSION = 3.0;
				TEST_TARGET_NAME = Dating;
			};
			name = Release;
		};
/* End XCBuildConfiguration section */

/* Begin XCConfigurationList section */
		990DA2A81DEC67F500936449 /* Build configuration list for PBXProject "Dating" */ = {
			isa = XCConfigurationList;
			buildConfigurations = (
				990DA2D31DEC67F600936449 /* Debug */,
				990DA2D41DEC67F600936449 /* Release */,
			);
			defaultConfigurationIsVisible = 0;
			defaultConfigurationName = Release;
		};
		990DA2D51DEC67F600936449 /* Build configuration list for PBXNativeTarget "Dating" */ = {
			isa = XCConfigurationList;
			buildConfigurations = (
				990DA2D61DEC67F600936449 /* Debug */,
				990DA2D71DEC67F600936449 /* Release */,
			);
			defaultConfigurationIsVisible = 0;
			defaultConfigurationName = Release;
		};
		990DA2D81DEC67F600936449 /* Build configuration list for PBXNativeTarget "DatingTests" */ = {
			isa = XCConfigurationList;
			buildConfigurations = (
				990DA2D91DEC67F600936449 /* Debug */,
				990DA2DA1DEC67F600936449 /* Release */,
			);
			defaultConfigurationIsVisible = 0;
			defaultConfigurationName = Release;
		};
		990DA2DB1DEC67F600936449 /* Build configuration list for PBXNativeTarget "DatingUITests" */ = {
			isa = XCConfigurationList;
			buildConfigurations = (
				990DA2DC1DEC67F600936449 /* Debug */,
				990DA2DD1DEC67F600936449 /* Release */,
			);
			defaultConfigurationIsVisible = 0;
			defaultConfigurationName = Release;
		};
/* End XCConfigurationList section */
	};
	rootObject = 990DA2A51DEC67F500936449 /* Project object */;
}
